// !$*UTF8*$!
{
	archiveVersion = 1;
	classes = {
	};
	objectVersion = 46;
	objects = {

/* Begin PBXBuildFile section */
		647FAEC21B55CAFA000BC69E /* main.cpp in Sources */ = {isa = PBXBuildFile; fileRef = 647FAEC11B55CAFA000BC69E /* main.cpp */; };
/* End PBXBuildFile section */

/* Begin PBXCopyFilesBuildPhase section */
		647FAEBC1B55CAFA000BC69E /* CopyFiles */ = {
			isa = PBXCopyFilesBuildPhase;
			buildActionMask = 2147483647;
			dstPath = /usr/share/man/man1/;
			dstSubfolderSpec = 0;
			files = (
			);
			runOnlyForDeploymentPostprocessing = 1;
		};
/* End PBXCopyFilesBuildPhase section */

/* Begin PBXFileReference section */
		647FAEBE1B55CAFA000BC69E /* Arkanoid_Message_Client */ = {isa = PBXFileReference; explicitFileType = "compiled.mach-o.executable"; includeInIndex = 0; path = Arkanoid_Message_Client; sourceTree = BUILT_PRODUCTS_DIR; };
		647FAEC11B55CAFA000BC69E /* main.cpp */ = {isa = PBXFileReference; lastKnownFileType = sourcecode.cpp.cpp; path = main.cpp; sourceTree = "<group>"; };
/* End PBXFileReference section */

/* Begin PBXFrameworksBuildPhase section */
		647FAEBB1B55CAFA000BC69E /* Frameworks */ = {
			isa = PBXFrameworksBuildPhase;
			buildActionMask = 2147483647;
			files = (
			);
			runOnlyForDeploymentPostprocessing = 0;
		};
/* End PBXFrameworksBuildPhase section */

/* Begin PBXGroup section */
		647FAEB51B55CAFA000BC69E = {
			isa = PBXGroup;
			children = (
				647FAEC01B55CAFA000BC69E /* Arkanoid_Message_Client */,
				647FAEBF1B55CAFA000BC69E /* Products */,
			);
			sourceTree = "<group>";
		};
		647FAEBF1B55CAFA000BC69E /* Products */ = {
			isa = PBXGroup;
			children = (
				647FAEBE1B55CAFA000BC69E /* Arkanoid_Message_Client */,
			);
			name = Products;
			sourceTree = "<group>";
		};
		647FAEC01B55CAFA000BC69E /* Arkanoid_Message_Client */ = {
			isa = PBXGroup;
			children = (
				647FAEC11B55CAFA000BC69E /* main.cpp */,
			);
			path = Arkanoid_Message_Client;
			sourceTree = "<group>";
		};
/* End PBXGroup section */

/* Begin PBXNativeTarget section */
		647FAEBD1B55CAFA000BC69E /* Arkanoid_Message_Client */ = {
			isa = PBXNativeTarget;
			buildConfigurationList = 647FAEC51B55CAFA000BC69E /* Build configuration list for PBXNativeTarget "Arkanoid_Message_Client" */;
			buildPhases = (
				647FAEBA1B55CAFA000BC69E /* Sources */,
				647FAEBB1B55CAFA000BC69E /* Frameworks */,
				647FAEBC1B55CAFA000BC69E /* CopyFiles */,
			);
			buildRules = (
			);
			dependencies = (
			);
			name = Arkanoid_Message_Client;
			productName = Arkanoid_Message_Client;
			productReference = 647FAEBE1B55CAFA000BC69E /* Arkanoid_Message_Client */;
			productType = "com.apple.product-type.tool";
		};
/* End PBXNativeTarget section */

/* Begin PBXProject section */
		647FAEB61B55CAFA000BC69E /* Project object */ = {
			isa = PBXProject;
			attributes = {
				LastUpgradeCheck = 0610;
				ORGANIZATIONNAME = Daniel;
				TargetAttributes = {
					647FAEBD1B55CAFA000BC69E = {
						CreatedOnToolsVersion = 6.1.1;
					};
				};
			};
			buildConfigurationList = 647FAEB91B55CAFA000BC69E /* Build configuration list for PBXProject "Arkanoid_Message_Client" */;
			compatibilityVersion = "Xcode 3.2";
			developmentRegion = English;
			hasScannedForEncodings = 0;
			knownRegions = (
				en,
			);
			mainGroup = 647FAEB51B55CAFA000BC69E;
			productRefGroup = 647FAEBF1B55CAFA000BC69E /* Products */;
			projectDirPath = "";
			projectRoot = "";
			targets = (
				647FAEBD1B55CAFA000BC69E /* Arkanoid_Message_Client */,
			);
		};
/* End PBXProject section */

/* Begin PBXSourcesBuildPhase section */
		647FAEBA1B55CAFA000BC69E /* Sources */ = {
			isa = PBXSourcesBuildPhase;
			buildActionMask = 2147483647;
			files = (
				647FAEC21B55CAFA000BC69E /* main.cpp in Sources */,
			);
			runOnlyForDeploymentPostprocessing = 0;
		};
/* End PBXSourcesBuildPhase section */

/* Begin XCBuildConfiguration section */
		647FAEC31B55CAFA000BC69E /* Debug */ = {
			isa = XCBuildConfiguration;
			buildSettings = {
				ALWAYS_SEARCH_USER_PATHS = NO;
				CLANG_CXX_LANGUAGE_STANDARD = "gnu++0x";
				CLANG_CXX_LIBRARY = "libc++";
				CLANG_ENABLE_MODULES = YES;
				CLANG_ENABLE_OBJC_ARC = YES;
				CLANG_WARN_BOOL_CONVERSION = YES;
				CLANG_WARN_CONSTANT_CONVERSION = YES;
				CLANG_WARN_DIRECT_OBJC_ISA_USAGE = YES_ERROR;
				CLANG_WARN_EMPTY_BODY = YES;
				CLANG_WARN_ENUM_CONVERSION = YES;
				CLANG_WARN_INT_CONVERSION = YES;
				CLANG_WARN_OBJC_ROOT_CLASS = YES_ERROR;
				CLANG_WARN_UNREACHABLE_CODE = YES;
				CLANG_WARN__DUPLICATE_METHOD_MATCH = YES;
				COPY_PHASE_STRIP = NO;
				ENABLE_STRICT_OBJC_MSGSEND = YES;
				GCC_C_LANGUAGE_STANDARD = gnu99;
				GCC_DYNAMIC_NO_PIC = NO;
				GCC_OPTIMIZATION_LEVEL = 0;
				GCC_PREPROCESSOR_DEFINITIONS = (
					"DEBUG=1",
					"$(inherited)",
				);
				GCC_SYMBOLS_PRIVATE_EXTERN = NO;
				GCC_WARN_64_TO_32_BIT_CONVERSION = YES;
				GCC_WARN_ABOUT_RETURN_TYPE = YES_ERROR;
				GCC_WARN_UNDECLARED_SELECTOR = YES;
				GCC_WARN_UNINITIALIZED_AUTOS = YES_AGGRESSIVE;
				GCC_WARN_UNUSED_FUNCTION = YES;
				GCC_WARN_UNUSED_VARIABLE = YES;
				MACOSX_DEPLOYMENT_TARGET = 10.10;
				MTL_ENABLE_DEBUG_INFO = YES;
				ONLY_ACTIVE_ARCH = YES;
				SDKROOT = macosx;
			};
			name = Debug;
		};
		647FAEC41B55CAFA000BC69E /* Release */ = {
			isa = XCBuildConfiguration;
			buildSettings = {
				ALWAYS_SEARCH_USER_PATHS = NO;
				CLANG_CXX_LANGUAGE_STANDARD = "gnu++0x";
				CLANG_CXX_LIBRARY = "libc++";
				CLANG_ENABLE_MODULES = YES;
				CLANG_ENABLE_OBJC_ARC = YES;
				CLANG_WARN_BOOL_CONVERSION = YES;
				CLANG_WARN_CONSTANT_CONVERSION = YES;
				CLANG_WARN_DIRECT_OBJC_ISA_USAGE = YES_ERROR;
				CLANG_WARN_EMPTY_BODY = YES;
				CLANG_WARN_ENUM_CONVERSION = YES;
				CLANG_WARN_INT_CONVERSION = YES;
				CLANG_WARN_OBJC_ROOT_CLASS = YES_ERROR;
				CLANG_WARN_UNREACHABLE_CODE = YES;
				CLANG_WARN__DUPLICATE_METHOD_MATCH = YES;
				COPY_PHASE_STRIP = YES;
				DEBUG_INFORMATION_FORMAT = "dwarf-with-dsym";
				ENABLE_NS_ASSERTIONS = NO;
				ENABLE_STRICT_OBJC_MSGSEND = YES;
				GCC_C_LANGUAGE_STANDARD = gnu99;
				GCC_WARN_64_TO_32_BIT_CONVERSION = YES;
				GCC_WARN_ABOUT_RETURN_TYPE = YES_ERROR;
				GCC_WARN_UNDECLARED_SELECTOR = YES;
				GCC_WARN_UNINITIALIZED_AUTOS = YES_AGGRESSIVE;
				GCC_WARN_UNUSED_FUNCTION = YES;
				GCC_WARN_UNUSED_VARIABLE = YES;
				MACOSX_DEPLOYMENT_TARGET = 10.10;
				MTL_ENABLE_DEBUG_INFO = NO;
				SDKROOT = macosx;
			};
			name = Release;
		};
		647FAEC61B55CAFA000BC69E /* Debug */ = {
			isa = XCBuildConfiguration;
			buildSettings = {
				PRODUCT_NAME = "$(TARGET_NAME)";
			};
			name = Debug;
		};
		647FAEC71B55CAFA000BC69E /* Release */ = {
			isa = XCBuildConfiguration;
			buildSettings = {
				PRODUCT_NAME = "$(TARGET_NAME)";
			};
			name = Release;
		};
/* End XCBuildConfiguration section */

/* Begin XCConfigurationList section */
		647FAEB91B55CAFA000BC69E /* Build configuration list for PBXProject "Arkanoid_Message_Client" */ = {
			isa = XCConfigurationList;
			buildConfigurations = (
				647FAEC31B55CAFA000BC69E /* Debug */,
				647FAEC41B55CAFA000BC69E /* Release */,
			);
			defaultConfigurationIsVisible = 0;
			defaultConfigurationName = Release;
		};
		647FAEC51B55CAFA000BC69E /* Build configuration list for PBXNativeTarget "Arkanoid_Message_Client" */ = {
			isa = XCConfigurationList;
			buildConfigurations = (
				647FAEC61B55CAFA000BC69E /* Debug */,
				647FAEC71B55CAFA000BC69E /* Release */,
			);
			defaultConfigurationIsVisible = 0;
		};
/* End XCConfigurationList section */
	};
	rootObject = 647FAEB61B55CAFA000BC69E /* Project object */;
}
